
Microsoft Visual Studio Solution File, Format Version 12.00
# Visual Studio Version 16
VisualStudioVersion = 16.0.30114.105
MinimumVisualStudioVersion = 10.0.40219.1
Project("{9A19103F-16F7-4668-BE54-9A1E7A4F7556}") = "App", "App\App.csproj", "{5BBAB69A-21DB-4F9A-8A13-41E1C26A7A56}"
EndProject
Project("{9A19103F-16F7-4668-BE54-9A1E7A4F7556}") = "Lib", "Lib\Lib.csproj", "{A787EBEC-D969-4964-A105-95B5B7D8089A}"
EndProject
Project("{9A19103F-16F7-4668-BE54-9A1E7A4F7556}") = "Test", "Test\Test.csproj", "{14E36D88-6BBE-45AB-BDF4-A3E736849FCE}"
EndProject
Project("{FAE04EC0-301F-11D3-BF4B-00C04F79EFBC}") = "FormApp", "FormApp\FormApp.csproj", "{0F3E289D-A73A-4301-88C0-7D9DE5109393}"
EndProject
Global
	GlobalSection(SolutionConfigurationPlatforms) = preSolution
		Debug|Any CPU = Debug|Any CPU
		Debug|x64 = Debug|x64
		Debug|x86 = Debug|x86
		Release|Any CPU = Release|Any CPU
		Release|x64 = Release|x64
		Release|x86 = Release|x86
	EndGlobalSection
	GlobalSection(ProjectConfigurationPlatforms) = postSolution
		{5BBAB69A-21DB-4F9A-8A13-41E1C26A7A56}.Debug|Any CPU.ActiveCfg = Debug|Any CPU
		{5BBAB69A-21DB-4F9A-8A13-41E1C26A7A56}.Debug|Any CPU.Build.0 = Debug|Any CPU
		{5BBAB69A-21DB-4F9A-8A13-41E1C26A7A56}.Debug|x64.ActiveCfg = Debug|Any CPU
		{5BBAB69A-21DB-4F9A-8A13-41E1C26A7A56}.Debug|x64.Build.0 = Debug|Any CPU
		{5BBAB69A-21DB-4F9A-8A13-41E1C26A7A56}.Debug|x86.ActiveCfg = Debug|Any CPU
		{5BBAB69A-21DB-4F9A-8A13-41E1C26A7A56}.Debug|x86.Build.0 = Debug|Any CPU
		{5BBAB69A-21DB-4F9A-8A13-41E1C26A7A56}.Release|Any CPU.ActiveCfg = Release|Any CPU
		{5BBAB69A-21DB-4F9A-8A13-41E1C26A7A56}.Release|Any CPU.Build.0 = Release|Any CPU
		{5BBAB69A-21DB-4F9A-8A13-41E1C26A7A56}.Release|x64.ActiveCfg = Release|Any CPU
		{5BBAB69A-21DB-4F9A-8A13-41E1C26A7A56}.Release|x64.Build.0 = Release|Any CPU
		{5BBAB69A-21DB-4F9A-8A13-41E1C26A7A56}.Release|x86.ActiveCfg = Release|Any CPU
		{5BBAB69A-21DB-4F9A-8A13-41E1C26A7A56}.Release|x86.Build.0 = Release|Any CPU
		{A787EBEC-D969-4964-A105-95B5B7D8089A}.Debug|Any CPU.ActiveCfg = Debug|Any CPU
		{A787EBEC-D969-4964-A105-95B5B7D8089A}.Debug|Any CPU.Build.0 = Debug|Any CPU
		{A787EBEC-D969-4964-A105-95B5B7D8089A}.Debug|x64.ActiveCfg = Debug|Any CPU
		{A787EBEC-D969-4964-A105-95B5B7D8089A}.Debug|x64.Build.0 = Debug|Any CPU
		{A787EBEC-D969-4964-A105-95B5B7D8089A}.Debug|x86.ActiveCfg = Debug|Any CPU
		{A787EBEC-D969-4964-A105-95B5B7D8089A}.Debug|x86.Build.0 = Debug|Any CPU
		{A787EBEC-D969-4964-A105-95B5B7D8089A}.Release|Any CPU.ActiveCfg = Release|Any CPU
		{A787EBEC-D969-4964-A105-95B5B7D8089A}.Release|Any CPU.Build.0 = Release|Any CPU
		{A787EBEC-D969-4964-A105-95B5B7D8089A}.Release|x64.ActiveCfg = Release|Any CPU
		{A787EBEC-D969-4964-A105-95B5B7D8089A}.Release|x64.Build.0 = Release|Any CPU
		{A787EBEC-D969-4964-A105-95B5B7D8089A}.Release|x86.ActiveCfg = Release|Any CPU
		{A787EBEC-D969-4964-A105-95B5B7D8089A}.Release|x86.Build.0 = Release|Any CPU
		{14E36D88-6BBE-45AB-BDF4-A3E736849FCE}.Debug|Any CPU.ActiveCfg = Debug|Any CPU
		{14E36D88-6BBE-45AB-BDF4-A3E736849FCE}.Debug|Any CPU.Build.0 = Debug|Any CPU
		{14E36D88-6BBE-45AB-BDF4-A3E736849FCE}.Debug|x64.ActiveCfg = Debug|Any CPU
		{14E36D88-6BBE-45AB-BDF4-A3E736849FCE}.Debug|x64.Build.0 = Debug|Any CPU
		{14E36D88-6BBE-45AB-BDF4-A3E736849FCE}.Debug|x86.ActiveCfg = Debug|Any CPU
		{14E36D88-6BBE-45AB-BDF4-A3E736849FCE}.Debug|x86.Build.0 = Debug|Any CPU
		{14E36D88-6BBE-45AB-BDF4-A3E736849FCE}.Release|Any CPU.ActiveCfg = Release|Any CPU
		{14E36D88-6BBE-45AB-BDF4-A3E736849FCE}.Release|Any CPU.Build.0 = Release|Any CPU
		{14E36D88-6BBE-45AB-BDF4-A3E736849FCE}.Release|x64.ActiveCfg = Release|Any CPU
		{14E36D88-6BBE-45AB-BDF4-A3E736849FCE}.Release|x64.Build.0 = Release|Any CPU
		{14E36D88-6BBE-45AB-BDF4-A3E736849FCE}.Release|x86.ActiveCfg = Release|Any CPU
		{14E36D88-6BBE-45AB-BDF4-A3E736849FCE}.Release|x86.Build.0 = Release|Any CPU
		{0F3E289D-A73A-4301-88C0-7D9DE5109393}.Debug|Any CPU.ActiveCfg = Debug|Any CPU
		{0F3E289D-A73A-4301-88C0-7D9DE5109393}.Debug|Any CPU.Build.0 = Debug|Any CPU
		{0F3E289D-A73A-4301-88C0-7D9DE5109393}.Debug|x64.ActiveCfg = Debug|Any CPU
		{0F3E289D-A73A-4301-88C0-7D9DE5109393}.Debug|x64.Build.0 = Debug|Any CPU
		{0F3E289D-A73A-4301-88C0-7D9DE5109393}.Debug|x86.ActiveCfg = Debug|Any CPU
		{0F3E289D-A73A-4301-88C0-7D9DE5109393}.Debug|x86.Build.0 = Debug|Any CPU
		{0F3E289D-A73A-4301-88C0-7D9DE5109393}.Release|Any CPU.ActiveCfg = Release|Any CPU
		{0F3E289D-A73A-4301-88C0-7D9DE5109393}.Release|Any CPU.Build.0 = Release|Any CPU
		{0F3E289D-A73A-4301-88C0-7D9DE5109393}.Release|x64.ActiveCfg = Release|Any CPU
		{0F3E289D-A73A-4301-88C0-7D9DE5109393}.Release|x64.Build.0 = Release|Any CPU
		{0F3E289D-A73A-4301-88C0-7D9DE5109393}.Release|x86.ActiveCfg = Release|Any CPU
		{0F3E289D-A73A-4301-88C0-7D9DE5109393}.Release|x86.Build.0 = Release|Any CPU
	EndGlobalSection
	GlobalSection(SolutionProperties) = preSolution
		HideSolutionNode = FALSE
	EndGlobalSection
	GlobalSection(ExtensibilityGlobals) = postSolution
		SolutionGuid = {BFEAF54B-2126-4CE1-A0CC-D26DEC7F0280}
	EndGlobalSection
EndGlobal
